[Files]
ProjectType=ChipBlasterAVR
FLASHFile=NewDTMFcode2.hex
EEPROMFile=
[Programmer]
FLASHStartAddress=0
EEPROMStartAddress=0
Chip=ATtiny44
SCKFrequency=7200
LockBits=2
BootLockBits0=0
BootLockBits1=0
ProgramFuseBits=1
Fuse1=0
Fuse2=0
Fuse3=0
Fuse4=0
Fuse5=0
Fuse6=0
Fuse7=0
Fuse8=0
Fuse9=1
Fuse10=0
Fuse11=0
Fuse12=1
Fuse13=1
Fuse14=0
Fuse15=0
Fuse16=0
Fuse17=0
Fuse18=0
Fuse19=0
Fuse20=0
Fuse21=0
Fuse22=0
Fuse23=0
Fuse24=0
CheckSignature=1
ReloadDataFiles=1
EraseChip=1
CheckErasure=0
ProgramFLASH=1
PreserveEEPROM=0
ProgramEEPROM=0
VerifyProgramming=1
ProgramLockBits=1
