[Files]
ProjectType=ChipBlasterAVR
FLASHFile=com118_v23.hex
EEPROMFile=
[Programmer]
FLASHStartAddress=0
EEPROMStartAddress=0
Chip=ATmega128
SCKFrequency=7200
LockBits=0
BootLockBits0=0
BootLockBits1=0
BootLockBits2=0
ProgramFuseBits=1
Fuse1=0
Fuse2=0
Fuse3=0
Fuse4=0
Fuse5=0
Fuse6=0
Fuse7=1
Fuse8=1
Fuse9=0
Fuse10=0
Fuse11=0
Fuse12=1
Fuse13=0
Fuse14=0
Fuse15=0
Fuse16=0
Fuse17=1
Fuse18=0
Fuse19=0
Fuse20=0
Fuse21=0
Fuse22=0
Fuse23=0
Fuse24=0
Fuse25=0
Fuse26=0
Fuse27=0
Fuse28=0
Fuse29=0
Fuse30=0
Fuse31=0
Fuse32=0
Fuse33=0
Fuse34=0
Fuse35=0
Fuse36=0
Fuse37=0
Fuse38=0
Fuse39=0
Fuse40=0
Fuse41=0
Fuse42=0
Fuse43=0
Fuse44=0
Fuse45=0
Fuse46=0
Fuse47=0
Fuse48=0
CheckSignature=1
ReloadDataFiles=1
EraseChip=1
CheckErasure=0
ProgramFLASH=1
PreserveEEPROM=0
ProgramEEPROM=0
VerifyProgramming=1
ProgramLockBits=1
